
Microsoft Visual Studio Solution File, Format Version 12.00
# Visual Studio Version 17
VisualStudioVersion = 17.3.32819.101
MinimumVisualStudioVersion = 10.0.40219.1
Project("{9A19103F-16F7-4668-BE54-9A1E7A4F7556}") = "LABO y PROGRA 2", "LABO y PROGRA 2\LABO y PROGRA 2.csproj", "{47461FCC-54BB-4605-9F92-6D005FCEC156}"
EndProject
Project("{2150E333-8FDC-42A3-9474-1A3956D46DE8}") = "Clase 1", "Clase 1", "{771D4BBB-C5FE-4CFA-8735-BA1B51AE9621}"
EndProject
Project("{9A19103F-16F7-4668-BE54-9A1E7A4F7556}") = "Clase1_Ej1", "Ejercicio 1\Clase1_Ej1.csproj", "{EE03A5A7-1A50-4192-A9C3-6260D41B2A05}"
EndProject
Project("{9A19103F-16F7-4668-BE54-9A1E7A4F7556}") = "Clase1_Ej2", "Clase1_Ej2\Clase1_Ej2.csproj", "{A993654E-7F6E-462E-9CC7-8B5090B3218F}"
EndProject
Project("{9A19103F-16F7-4668-BE54-9A1E7A4F7556}") = "Clase1_Ej3", "Clase1_Ej3\Clase1_Ej3.csproj", "{0F053528-EF5B-4977-834E-919623ADB65D}"
EndProject
Project("{9A19103F-16F7-4668-BE54-9A1E7A4F7556}") = "Clase1_Ej4", "Clase1_Ej4\Clase1_Ej4.csproj", "{A04698D9-9DF8-4749-B42B-1AADD9E0DB57}"
EndProject
Project("{9A19103F-16F7-4668-BE54-9A1E7A4F7556}") = "Clase1_Ej6", "Clase1_Ej6\Clase1_Ej6.csproj", "{9454D8FD-E9DB-45C2-9D74-98EB2E7A82F5}"
EndProject
Project("{9A19103F-16F7-4668-BE54-9A1E7A4F7556}") = "Clase1_Ej7", "Clase1_Ej7\Clase1_Ej7.csproj", "{6AB6E828-9FDF-41C6-9054-43669BAF424C}"
EndProject
Project("{9A19103F-16F7-4668-BE54-9A1E7A4F7556}") = "Clase1_Ej8", "Clase1_Ej8\Clase1_Ej8.csproj", "{4992DF54-1A7A-4535-B6FC-3054B78443F3}"
EndProject
Project("{2150E333-8FDC-42A3-9474-1A3956D46DE8}") = "Clase 2", "Clase 2", "{5778B0E3-07D5-4B81-BF07-0B0D20B99BC0}"
EndProject
Project("{9A19103F-16F7-4668-BE54-9A1E7A4F7556}") = "Clase2_Ej1", "Clase2_Ej1\Clase2_Ej1.csproj", "{80E6B732-6434-416C-BFBD-AE405E64DB1E}"
EndProject
Project("{9A19103F-16F7-4668-BE54-9A1E7A4F7556}") = "Clase2_Ej2", "Clase2_Ej2\Clase2_Ej2.csproj", "{B7C79D27-AF64-4A3F-8054-6C95ED860589}"
EndProject
Project("{9A19103F-16F7-4668-BE54-9A1E7A4F7556}") = "Clase2_TrabajoEnClase", "Clase2_TrabajoEnClase\Clase2_TrabajoEnClase.csproj", "{783A5C15-ADA0-4042-A185-99B40FDAA598}"
EndProject
Project("{2150E333-8FDC-42A3-9474-1A3956D46DE8}") = "Clase 3", "Clase 3", "{6340FE57-3727-4EF1-82E1-0549EA4CEB13}"
EndProject
Project("{9A19103F-16F7-4668-BE54-9A1E7A4F7556}") = "Clase3_Trabajado_En_Clase", "Trabajado_En_Clase\Clase3_Trabajado_En_Clase.csproj", "{FEFC15F7-917B-4C4D-871B-B546577FB956}"
EndProject
Project("{9A19103F-16F7-4668-BE54-9A1E7A4F7556}") = "Entidades", "Entidades\Entidades.csproj", "{A0800A91-2C39-4AC7-8B3B-934D39C3448D}"
EndProject
Project("{9A19103F-16F7-4668-BE54-9A1E7A4F7556}") = "Consola", "Consola\Consola.csproj", "{016CA838-2649-4659-B729-36EFAF24B9EF}"
EndProject
Project("{2150E333-8FDC-42A3-9474-1A3956D46DE8}") = "Clase 4", "Clase 4", "{3707BE6D-981D-4E46-B301-83438014C129}"
EndProject
Project("{9A19103F-16F7-4668-BE54-9A1E7A4F7556}") = "Clase4_Ej1", "Clase3_Trabajado_En_Clase\Clase4_Ej1.csproj", "{DBDAC81A-19DE-472B-9344-542DB969A9EE}"
EndProject
Project("{2150E333-8FDC-42A3-9474-1A3956D46DE8}") = "Clase4_Ej2", "Clase4_Ej2", "{53FEAFCE-BF81-4F7B-A3C8-8F6BFC6153B0}"
EndProject
Project("{9A19103F-16F7-4668-BE54-9A1E7A4F7556}") = "Billetes", "Billetes\Billetes.csproj", "{813B53DF-1B87-44F7-A307-2942A1F8DB67}"
EndProject
Project("{9A19103F-16F7-4668-BE54-9A1E7A4F7556}") = "Clase4_Ej2_Consola", "Clase4_Ej2_Consola\Clase4_Ej2_Consola.csproj", "{AF7B7661-5EAE-4F00-8846-897B985E94B3}"
EndProject
Project("{9A19103F-16F7-4668-BE54-9A1E7A4F7556}") = "Clase2_Ej3", "Clase2_Ej3\Clase2_Ej3.csproj", "{C681549B-DE31-43E2-B38F-A1D42CFEF74B}"
EndProject
Project("{9A19103F-16F7-4668-BE54-9A1E7A4F7556}") = "Clase2_Ej4", "Clase2_Ej4\Clase2_Ej4.csproj", "{A721C623-CCE4-4486-82D2-22332AF015B2}"
EndProject
Project("{9A19103F-16F7-4668-BE54-9A1E7A4F7556}") = "Clase2_Ej7", "Clase2_Ej7\Clase2_Ej7.csproj", "{AED5F062-1B74-4B55-A03E-5B3E12742591}"
EndProject
Project("{2150E333-8FDC-42A3-9474-1A3956D46DE8}") = "Clase 5", "Clase 5", "{45790D0A-6FFF-495B-9798-E4A87E100129}"
EndProject
Project("{9A19103F-16F7-4668-BE54-9A1E7A4F7556}") = "Biblio_Clases_Clase5", "Biblio_Clases_Clase5\Biblio_Clases_Clase5.csproj", "{F67AA238-A96B-4E67-BE9B-D8CF00E36128}"
EndProject
Project("{9A19103F-16F7-4668-BE54-9A1E7A4F7556}") = "Clase5_Trabajado_En_Clase", "Clase5_Trabajado_En_Clase\Clase5_Trabajado_En_Clase.csproj", "{D42F0B7C-5AE0-4F1F-ABE3-C4E3349E4189}"
EndProject
Project("{9A19103F-16F7-4668-BE54-9A1E7A4F7556}") = "Entidades_Clase3", "Entidades_Clase3\Entidades_Clase3.csproj", "{B26C3607-EE69-4DE3-9EDA-CFC015462A9D}"
EndProject
Project("{9A19103F-16F7-4668-BE54-9A1E7A4F7556}") = "Clase3_Ej3", "Clase3_Ej3\Clase3_Ej3.csproj", "{2B1BC3D6-C017-4EA7-91B2-50E6D590FE75}"
EndProject
Project("{9A19103F-16F7-4668-BE54-9A1E7A4F7556}") = "Clase5_Form", "Clase5_Form\Clase5_Form.csproj", "{C9486602-E025-462F-BEAE-873696468FEC}"
EndProject
Project("{2150E333-8FDC-42A3-9474-1A3956D46DE8}") = "Clase 6", "Clase 6", "{8C48BAC3-BCC1-4935-8E5B-95696C449182}"
EndProject
Project("{9A19103F-16F7-4668-BE54-9A1E7A4F7556}") = "Clase6_TabajadoEnClase", "Clase6_TabajadoEnClase\Clase6_TabajadoEnClase.csproj", "{230F8647-35D2-4299-99FA-73FBC17D3B28}"
EndProject
Project("{9A19103F-16F7-4668-BE54-9A1E7A4F7556}") = "Clase5_Ej1", "Clase5_Ej1\Clase5_Ej1.csproj", "{8EF858FD-1784-4800-B829-9005F4342402}"
EndProject
Project("{9A19103F-16F7-4668-BE54-9A1E7A4F7556}") = "Clase5_Ej2", "Clase5_Ej2\Clase5_Ej2.csproj", "{16C5FC95-918E-4062-AF72-676F67C295FF}"
EndProject
Project("{2150E333-8FDC-42A3-9474-1A3956D46DE8}") = "Clase 8", "Clase 8", "{2915C285-1622-47A0-B2C9-62417A4A066E}"
EndProject
Project("{9A19103F-16F7-4668-BE54-9A1E7A4F7556}") = "BiblioDeClases8", "ClassLibrary1\BiblioDeClases8.csproj", "{FBF4FAFD-B2F9-4242-AF69-AEFB36DA35E7}"
EndProject
Project("{9A19103F-16F7-4668-BE54-9A1E7A4F7556}") = "ConsolaClase8_1", "ConsolaClase8_1\ConsolaClase8_1.csproj", "{D4A87A7A-A63A-4E74-8C75-16544B7DC89A}"
EndProject
Project("{2150E333-8FDC-42A3-9474-1A3956D46DE8}") = "TP1", "TP1", "{D29136BF-3DCB-4816-AD42-8C0D54FB24E9}"
EndProject
Project("{9A19103F-16F7-4668-BE54-9A1E7A4F7556}") = "BiblioDeClases", "Producto\BiblioDeClases.csproj", "{F1233CDF-9FA7-4357-8844-AB85A1ABEFC0}"
EndProject
Project("{9A19103F-16F7-4668-BE54-9A1E7A4F7556}") = "Forms", "Inicio\Forms.csproj", "{67F04981-2F45-4C8F-A6C7-9FB8E75C8BCD}"
EndProject
Global
	GlobalSection(SolutionConfigurationPlatforms) = preSolution
		Debug|Any CPU = Debug|Any CPU
		Release|Any CPU = Release|Any CPU
	EndGlobalSection
	GlobalSection(ProjectConfigurationPlatforms) = postSolution
		{47461FCC-54BB-4605-9F92-6D005FCEC156}.Debug|Any CPU.ActiveCfg = Debug|Any CPU
		{47461FCC-54BB-4605-9F92-6D005FCEC156}.Debug|Any CPU.Build.0 = Debug|Any CPU
		{47461FCC-54BB-4605-9F92-6D005FCEC156}.Release|Any CPU.ActiveCfg = Release|Any CPU
		{47461FCC-54BB-4605-9F92-6D005FCEC156}.Release|Any CPU.Build.0 = Release|Any CPU
		{EE03A5A7-1A50-4192-A9C3-6260D41B2A05}.Debug|Any CPU.ActiveCfg = Debug|Any CPU
		{EE03A5A7-1A50-4192-A9C3-6260D41B2A05}.Debug|Any CPU.Build.0 = Debug|Any CPU
		{EE03A5A7-1A50-4192-A9C3-6260D41B2A05}.Release|Any CPU.ActiveCfg = Release|Any CPU
		{EE03A5A7-1A50-4192-A9C3-6260D41B2A05}.Release|Any CPU.Build.0 = Release|Any CPU
		{A993654E-7F6E-462E-9CC7-8B5090B3218F}.Debug|Any CPU.ActiveCfg = Debug|Any CPU
		{A993654E-7F6E-462E-9CC7-8B5090B3218F}.Debug|Any CPU.Build.0 = Debug|Any CPU
		{A993654E-7F6E-462E-9CC7-8B5090B3218F}.Release|Any CPU.ActiveCfg = Release|Any CPU
		{A993654E-7F6E-462E-9CC7-8B5090B3218F}.Release|Any CPU.Build.0 = Release|Any CPU
		{0F053528-EF5B-4977-834E-919623ADB65D}.Debug|Any CPU.ActiveCfg = Debug|Any CPU
		{0F053528-EF5B-4977-834E-919623ADB65D}.Debug|Any CPU.Build.0 = Debug|Any CPU
		{0F053528-EF5B-4977-834E-919623ADB65D}.Release|Any CPU.ActiveCfg = Release|Any CPU
		{0F053528-EF5B-4977-834E-919623ADB65D}.Release|Any CPU.Build.0 = Release|Any CPU
		{A04698D9-9DF8-4749-B42B-1AADD9E0DB57}.Debug|Any CPU.ActiveCfg = Debug|Any CPU
		{A04698D9-9DF8-4749-B42B-1AADD9E0DB57}.Debug|Any CPU.Build.0 = Debug|Any CPU
		{A04698D9-9DF8-4749-B42B-1AADD9E0DB57}.Release|Any CPU.ActiveCfg = Release|Any CPU
		{A04698D9-9DF8-4749-B42B-1AADD9E0DB57}.Release|Any CPU.Build.0 = Release|Any CPU
		{9454D8FD-E9DB-45C2-9D74-98EB2E7A82F5}.Debug|Any CPU.ActiveCfg = Debug|Any CPU
		{9454D8FD-E9DB-45C2-9D74-98EB2E7A82F5}.Debug|Any CPU.Build.0 = Debug|Any CPU
		{9454D8FD-E9DB-45C2-9D74-98EB2E7A82F5}.Release|Any CPU.ActiveCfg = Release|Any CPU
		{9454D8FD-E9DB-45C2-9D74-98EB2E7A82F5}.Release|Any CPU.Build.0 = Release|Any CPU
		{6AB6E828-9FDF-41C6-9054-43669BAF424C}.Debug|Any CPU.ActiveCfg = Debug|Any CPU
		{6AB6E828-9FDF-41C6-9054-43669BAF424C}.Debug|Any CPU.Build.0 = Debug|Any CPU
		{6AB6E828-9FDF-41C6-9054-43669BAF424C}.Release|Any CPU.ActiveCfg = Release|Any CPU
		{6AB6E828-9FDF-41C6-9054-43669BAF424C}.Release|Any CPU.Build.0 = Release|Any CPU
		{4992DF54-1A7A-4535-B6FC-3054B78443F3}.Debug|Any CPU.ActiveCfg = Debug|Any CPU
		{4992DF54-1A7A-4535-B6FC-3054B78443F3}.Debug|Any CPU.Build.0 = Debug|Any CPU
		{4992DF54-1A7A-4535-B6FC-3054B78443F3}.Release|Any CPU.ActiveCfg = Release|Any CPU
		{4992DF54-1A7A-4535-B6FC-3054B78443F3}.Release|Any CPU.Build.0 = Release|Any CPU
		{80E6B732-6434-416C-BFBD-AE405E64DB1E}.Debug|Any CPU.ActiveCfg = Debug|Any CPU
		{80E6B732-6434-416C-BFBD-AE405E64DB1E}.Debug|Any CPU.Build.0 = Debug|Any CPU
		{80E6B732-6434-416C-BFBD-AE405E64DB1E}.Release|Any CPU.ActiveCfg = Release|Any CPU
		{80E6B732-6434-416C-BFBD-AE405E64DB1E}.Release|Any CPU.Build.0 = Release|Any CPU
		{B7C79D27-AF64-4A3F-8054-6C95ED860589}.Debug|Any CPU.ActiveCfg = Debug|Any CPU
		{B7C79D27-AF64-4A3F-8054-6C95ED860589}.Debug|Any CPU.Build.0 = Debug|Any CPU
		{B7C79D27-AF64-4A3F-8054-6C95ED860589}.Release|Any CPU.ActiveCfg = Release|Any CPU
		{B7C79D27-AF64-4A3F-8054-6C95ED860589}.Release|Any CPU.Build.0 = Release|Any CPU
		{783A5C15-ADA0-4042-A185-99B40FDAA598}.Debug|Any CPU.ActiveCfg = Debug|Any CPU
		{783A5C15-ADA0-4042-A185-99B40FDAA598}.Debug|Any CPU.Build.0 = Debug|Any CPU
		{783A5C15-ADA0-4042-A185-99B40FDAA598}.Release|Any CPU.ActiveCfg = Release|Any CPU
		{783A5C15-ADA0-4042-A185-99B40FDAA598}.Release|Any CPU.Build.0 = Release|Any CPU
		{FEFC15F7-917B-4C4D-871B-B546577FB956}.Debug|Any CPU.ActiveCfg = Debug|Any CPU
		{FEFC15F7-917B-4C4D-871B-B546577FB956}.Debug|Any CPU.Build.0 = Debug|Any CPU
		{FEFC15F7-917B-4C4D-871B-B546577FB956}.Release|Any CPU.ActiveCfg = Release|Any CPU
		{FEFC15F7-917B-4C4D-871B-B546577FB956}.Release|Any CPU.Build.0 = Release|Any CPU
		{A0800A91-2C39-4AC7-8B3B-934D39C3448D}.Debug|Any CPU.ActiveCfg = Debug|Any CPU
		{A0800A91-2C39-4AC7-8B3B-934D39C3448D}.Debug|Any CPU.Build.0 = Debug|Any CPU
		{A0800A91-2C39-4AC7-8B3B-934D39C3448D}.Release|Any CPU.ActiveCfg = Release|Any CPU
		{A0800A91-2C39-4AC7-8B3B-934D39C3448D}.Release|Any CPU.Build.0 = Release|Any CPU
		{016CA838-2649-4659-B729-36EFAF24B9EF}.Debug|Any CPU.ActiveCfg = Debug|Any CPU
		{016CA838-2649-4659-B729-36EFAF24B9EF}.Debug|Any CPU.Build.0 = Debug|Any CPU
		{016CA838-2649-4659-B729-36EFAF24B9EF}.Release|Any CPU.ActiveCfg = Release|Any CPU
		{016CA838-2649-4659-B729-36EFAF24B9EF}.Release|Any CPU.Build.0 = Release|Any CPU
		{DBDAC81A-19DE-472B-9344-542DB969A9EE}.Debug|Any CPU.ActiveCfg = Debug|Any CPU
		{DBDAC81A-19DE-472B-9344-542DB969A9EE}.Debug|Any CPU.Build.0 = Debug|Any CPU
		{DBDAC81A-19DE-472B-9344-542DB969A9EE}.Release|Any CPU.ActiveCfg = Release|Any CPU
		{DBDAC81A-19DE-472B-9344-542DB969A9EE}.Release|Any CPU.Build.0 = Release|Any CPU
		{813B53DF-1B87-44F7-A307-2942A1F8DB67}.Debug|Any CPU.ActiveCfg = Debug|Any CPU
		{813B53DF-1B87-44F7-A307-2942A1F8DB67}.Debug|Any CPU.Build.0 = Debug|Any CPU
		{813B53DF-1B87-44F7-A307-2942A1F8DB67}.Release|Any CPU.ActiveCfg = Release|Any CPU
		{813B53DF-1B87-44F7-A307-2942A1F8DB67}.Release|Any CPU.Build.0 = Release|Any CPU
		{AF7B7661-5EAE-4F00-8846-897B985E94B3}.Debug|Any CPU.ActiveCfg = Debug|Any CPU
		{AF7B7661-5EAE-4F00-8846-897B985E94B3}.Debug|Any CPU.Build.0 = Debug|Any CPU
		{AF7B7661-5EAE-4F00-8846-897B985E94B3}.Release|Any CPU.ActiveCfg = Release|Any CPU
		{AF7B7661-5EAE-4F00-8846-897B985E94B3}.Release|Any CPU.Build.0 = Release|Any CPU
		{C681549B-DE31-43E2-B38F-A1D42CFEF74B}.Debug|Any CPU.ActiveCfg = Debug|Any CPU
		{C681549B-DE31-43E2-B38F-A1D42CFEF74B}.Debug|Any CPU.Build.0 = Debug|Any CPU
		{C681549B-DE31-43E2-B38F-A1D42CFEF74B}.Release|Any CPU.ActiveCfg = Release|Any CPU
		{C681549B-DE31-43E2-B38F-A1D42CFEF74B}.Release|Any CPU.Build.0 = Release|Any CPU
		{A721C623-CCE4-4486-82D2-22332AF015B2}.Debug|Any CPU.ActiveCfg = Debug|Any CPU
		{A721C623-CCE4-4486-82D2-22332AF015B2}.Debug|Any CPU.Build.0 = Debug|Any CPU
		{A721C623-CCE4-4486-82D2-22332AF015B2}.Release|Any CPU.ActiveCfg = Release|Any CPU
		{A721C623-CCE4-4486-82D2-22332AF015B2}.Release|Any CPU.Build.0 = Release|Any CPU
		{AED5F062-1B74-4B55-A03E-5B3E12742591}.Debug|Any CPU.ActiveCfg = Debug|Any CPU
		{AED5F062-1B74-4B55-A03E-5B3E12742591}.Debug|Any CPU.Build.0 = Debug|Any CPU
		{AED5F062-1B74-4B55-A03E-5B3E12742591}.Release|Any CPU.ActiveCfg = Release|Any CPU
		{AED5F062-1B74-4B55-A03E-5B3E12742591}.Release|Any CPU.Build.0 = Release|Any CPU
		{F67AA238-A96B-4E67-BE9B-D8CF00E36128}.Debug|Any CPU.ActiveCfg = Debug|Any CPU
		{F67AA238-A96B-4E67-BE9B-D8CF00E36128}.Debug|Any CPU.Build.0 = Debug|Any CPU
		{F67AA238-A96B-4E67-BE9B-D8CF00E36128}.Release|Any CPU.ActiveCfg = Release|Any CPU
		{F67AA238-A96B-4E67-BE9B-D8CF00E36128}.Release|Any CPU.Build.0 = Release|Any CPU
		{D42F0B7C-5AE0-4F1F-ABE3-C4E3349E4189}.Debug|Any CPU.ActiveCfg = Debug|Any CPU
		{D42F0B7C-5AE0-4F1F-ABE3-C4E3349E4189}.Debug|Any CPU.Build.0 = Debug|Any CPU
		{D42F0B7C-5AE0-4F1F-ABE3-C4E3349E4189}.Release|Any CPU.ActiveCfg = Release|Any CPU
		{D42F0B7C-5AE0-4F1F-ABE3-C4E3349E4189}.Release|Any CPU.Build.0 = Release|Any CPU
		{B26C3607-EE69-4DE3-9EDA-CFC015462A9D}.Debug|Any CPU.ActiveCfg = Debug|Any CPU
		{B26C3607-EE69-4DE3-9EDA-CFC015462A9D}.Debug|Any CPU.Build.0 = Debug|Any CPU
		{B26C3607-EE69-4DE3-9EDA-CFC015462A9D}.Release|Any CPU.ActiveCfg = Release|Any CPU
		{B26C3607-EE69-4DE3-9EDA-CFC015462A9D}.Release|Any CPU.Build.0 = Release|Any CPU
		{2B1BC3D6-C017-4EA7-91B2-50E6D590FE75}.Debug|Any CPU.ActiveCfg = Debug|Any CPU
		{2B1BC3D6-C017-4EA7-91B2-50E6D590FE75}.Debug|Any CPU.Build.0 = Debug|Any CPU
		{2B1BC3D6-C017-4EA7-91B2-50E6D590FE75}.Release|Any CPU.ActiveCfg = Release|Any CPU
		{2B1BC3D6-C017-4EA7-91B2-50E6D590FE75}.Release|Any CPU.Build.0 = Release|Any CPU
		{C9486602-E025-462F-BEAE-873696468FEC}.Debug|Any CPU.ActiveCfg = Debug|Any CPU
		{C9486602-E025-462F-BEAE-873696468FEC}.Debug|Any CPU.Build.0 = Debug|Any CPU
		{C9486602-E025-462F-BEAE-873696468FEC}.Release|Any CPU.ActiveCfg = Release|Any CPU
		{C9486602-E025-462F-BEAE-873696468FEC}.Release|Any CPU.Build.0 = Release|Any CPU
		{230F8647-35D2-4299-99FA-73FBC17D3B28}.Debug|Any CPU.ActiveCfg = Debug|Any CPU
		{230F8647-35D2-4299-99FA-73FBC17D3B28}.Debug|Any CPU.Build.0 = Debug|Any CPU
		{230F8647-35D2-4299-99FA-73FBC17D3B28}.Release|Any CPU.ActiveCfg = Release|Any CPU
		{230F8647-35D2-4299-99FA-73FBC17D3B28}.Release|Any CPU.Build.0 = Release|Any CPU
		{8EF858FD-1784-4800-B829-9005F4342402}.Debug|Any CPU.ActiveCfg = Debug|Any CPU
		{8EF858FD-1784-4800-B829-9005F4342402}.Debug|Any CPU.Build.0 = Debug|Any CPU
		{8EF858FD-1784-4800-B829-9005F4342402}.Release|Any CPU.ActiveCfg = Release|Any CPU
		{8EF858FD-1784-4800-B829-9005F4342402}.Release|Any CPU.Build.0 = Release|Any CPU
		{16C5FC95-918E-4062-AF72-676F67C295FF}.Debug|Any CPU.ActiveCfg = Debug|Any CPU
		{16C5FC95-918E-4062-AF72-676F67C295FF}.Debug|Any CPU.Build.0 = Debug|Any CPU
		{16C5FC95-918E-4062-AF72-676F67C295FF}.Release|Any CPU.ActiveCfg = Release|Any CPU
		{16C5FC95-918E-4062-AF72-676F67C295FF}.Release|Any CPU.Build.0 = Release|Any CPU
		{FBF4FAFD-B2F9-4242-AF69-AEFB36DA35E7}.Debug|Any CPU.ActiveCfg = Debug|Any CPU
		{FBF4FAFD-B2F9-4242-AF69-AEFB36DA35E7}.Debug|Any CPU.Build.0 = Debug|Any CPU
		{FBF4FAFD-B2F9-4242-AF69-AEFB36DA35E7}.Release|Any CPU.ActiveCfg = Release|Any CPU
		{FBF4FAFD-B2F9-4242-AF69-AEFB36DA35E7}.Release|Any CPU.Build.0 = Release|Any CPU
		{D4A87A7A-A63A-4E74-8C75-16544B7DC89A}.Debug|Any CPU.ActiveCfg = Debug|Any CPU
		{D4A87A7A-A63A-4E74-8C75-16544B7DC89A}.Debug|Any CPU.Build.0 = Debug|Any CPU
		{D4A87A7A-A63A-4E74-8C75-16544B7DC89A}.Release|Any CPU.ActiveCfg = Release|Any CPU
		{D4A87A7A-A63A-4E74-8C75-16544B7DC89A}.Release|Any CPU.Build.0 = Release|Any CPU
		{F1233CDF-9FA7-4357-8844-AB85A1ABEFC0}.Debug|Any CPU.ActiveCfg = Debug|Any CPU
		{F1233CDF-9FA7-4357-8844-AB85A1ABEFC0}.Debug|Any CPU.Build.0 = Debug|Any CPU
		{F1233CDF-9FA7-4357-8844-AB85A1ABEFC0}.Release|Any CPU.ActiveCfg = Release|Any CPU
		{F1233CDF-9FA7-4357-8844-AB85A1ABEFC0}.Release|Any CPU.Build.0 = Release|Any CPU
		{67F04981-2F45-4C8F-A6C7-9FB8E75C8BCD}.Debug|Any CPU.ActiveCfg = Debug|Any CPU
		{67F04981-2F45-4C8F-A6C7-9FB8E75C8BCD}.Debug|Any CPU.Build.0 = Debug|Any CPU
		{67F04981-2F45-4C8F-A6C7-9FB8E75C8BCD}.Release|Any CPU.ActiveCfg = Release|Any CPU
		{67F04981-2F45-4C8F-A6C7-9FB8E75C8BCD}.Release|Any CPU.Build.0 = Release|Any CPU
	EndGlobalSection
	GlobalSection(SolutionProperties) = preSolution
		HideSolutionNode = FALSE
	EndGlobalSection
	GlobalSection(NestedProjects) = preSolution
		{EE03A5A7-1A50-4192-A9C3-6260D41B2A05} = {771D4BBB-C5FE-4CFA-8735-BA1B51AE9621}
		{A993654E-7F6E-462E-9CC7-8B5090B3218F} = {771D4BBB-C5FE-4CFA-8735-BA1B51AE9621}
		{0F053528-EF5B-4977-834E-919623ADB65D} = {771D4BBB-C5FE-4CFA-8735-BA1B51AE9621}
		{A04698D9-9DF8-4749-B42B-1AADD9E0DB57} = {771D4BBB-C5FE-4CFA-8735-BA1B51AE9621}
		{9454D8FD-E9DB-45C2-9D74-98EB2E7A82F5} = {771D4BBB-C5FE-4CFA-8735-BA1B51AE9621}
		{6AB6E828-9FDF-41C6-9054-43669BAF424C} = {771D4BBB-C5FE-4CFA-8735-BA1B51AE9621}
		{4992DF54-1A7A-4535-B6FC-3054B78443F3} = {771D4BBB-C5FE-4CFA-8735-BA1B51AE9621}
		{80E6B732-6434-416C-BFBD-AE405E64DB1E} = {5778B0E3-07D5-4B81-BF07-0B0D20B99BC0}
		{B7C79D27-AF64-4A3F-8054-6C95ED860589} = {5778B0E3-07D5-4B81-BF07-0B0D20B99BC0}
		{783A5C15-ADA0-4042-A185-99B40FDAA598} = {5778B0E3-07D5-4B81-BF07-0B0D20B99BC0}
		{FEFC15F7-917B-4C4D-871B-B546577FB956} = {6340FE57-3727-4EF1-82E1-0549EA4CEB13}
		{DBDAC81A-19DE-472B-9344-542DB969A9EE} = {3707BE6D-981D-4E46-B301-83438014C129}
		{53FEAFCE-BF81-4F7B-A3C8-8F6BFC6153B0} = {3707BE6D-981D-4E46-B301-83438014C129}
		{813B53DF-1B87-44F7-A307-2942A1F8DB67} = {53FEAFCE-BF81-4F7B-A3C8-8F6BFC6153B0}
		{AF7B7661-5EAE-4F00-8846-897B985E94B3} = {53FEAFCE-BF81-4F7B-A3C8-8F6BFC6153B0}
		{C681549B-DE31-43E2-B38F-A1D42CFEF74B} = {5778B0E3-07D5-4B81-BF07-0B0D20B99BC0}
		{A721C623-CCE4-4486-82D2-22332AF015B2} = {5778B0E3-07D5-4B81-BF07-0B0D20B99BC0}
		{AED5F062-1B74-4B55-A03E-5B3E12742591} = {5778B0E3-07D5-4B81-BF07-0B0D20B99BC0}
		{F67AA238-A96B-4E67-BE9B-D8CF00E36128} = {45790D0A-6FFF-495B-9798-E4A87E100129}
		{D42F0B7C-5AE0-4F1F-ABE3-C4E3349E4189} = {45790D0A-6FFF-495B-9798-E4A87E100129}
		{B26C3607-EE69-4DE3-9EDA-CFC015462A9D} = {6340FE57-3727-4EF1-82E1-0549EA4CEB13}
		{2B1BC3D6-C017-4EA7-91B2-50E6D590FE75} = {6340FE57-3727-4EF1-82E1-0549EA4CEB13}
		{C9486602-E025-462F-BEAE-873696468FEC} = {45790D0A-6FFF-495B-9798-E4A87E100129}
		{230F8647-35D2-4299-99FA-73FBC17D3B28} = {8C48BAC3-BCC1-4935-8E5B-95696C449182}
		{8EF858FD-1784-4800-B829-9005F4342402} = {45790D0A-6FFF-495B-9798-E4A87E100129}
		{16C5FC95-918E-4062-AF72-676F67C295FF} = {45790D0A-6FFF-495B-9798-E4A87E100129}
		{FBF4FAFD-B2F9-4242-AF69-AEFB36DA35E7} = {2915C285-1622-47A0-B2C9-62417A4A066E}
		{D4A87A7A-A63A-4E74-8C75-16544B7DC89A} = {2915C285-1622-47A0-B2C9-62417A4A066E}
		{F1233CDF-9FA7-4357-8844-AB85A1ABEFC0} = {D29136BF-3DCB-4816-AD42-8C0D54FB24E9}
		{67F04981-2F45-4C8F-A6C7-9FB8E75C8BCD} = {D29136BF-3DCB-4816-AD42-8C0D54FB24E9}
	EndGlobalSection
	GlobalSection(ExtensibilityGlobals) = postSolution
		SolutionGuid = {07694891-06A1-47FD-B635-CE24FDBF1730}
	EndGlobalSection
EndGlobal
